
Microsoft Visual Studio Solution File, Format Version 12.00
# Visual Studio 2013
VisualStudioVersion = 12.0.30110.0
MinimumVisualStudioVersion = 10.0.40219.1
Project("{FAE04EC0-301F-11D3-BF4B-00C04F79EFBC}") = "SampleWebSignalR", "SampleWebSignalR\SampleWebSignalR.csproj", "{943DC811-45BD-428D-95B0-500356F0F5E5}"
EndProject
Project("{2150E333-8FDC-42A3-9474-1A3956D46DE8}") = ".nuget", ".nuget", "{09A83117-CD3D-413E-B6D1-28DCCBB0F89B}"
	ProjectSection(SolutionItems) = preProject
		.nuget\NuGet.Config = .nuget\NuGet.Config
		.nuget\NuGet.exe = .nuget\NuGet.exe
		.nuget\NuGet.targets = .nuget\NuGet.targets
	EndProjectSection
EndProject
Global
	GlobalSection(SolutionConfigurationPlatforms) = preSolution
		Debug|Any CPU = Debug|Any CPU
		Release|Any CPU = Release|Any CPU
	EndGlobalSection
	GlobalSection(ProjectConfigurationPlatforms) = postSolution
		{943DC811-45BD-428D-95B0-500356F0F5E5}.Debug|Any CPU.ActiveCfg = Debug|Any CPU
		{943DC811-45BD-428D-95B0-500356F0F5E5}.Debug|Any CPU.Build.0 = Debug|Any CPU
		{943DC811-45BD-428D-95B0-500356F0F5E5}.Release|Any CPU.ActiveCfg = Release|Any CPU
		{943DC811-45BD-428D-95B0-500356F0F5E5}.Release|Any CPU.Build.0 = Release|Any CPU
	EndGlobalSection
	GlobalSection(SolutionProperties) = preSolution
		HideSolutionNode = FALSE
	EndGlobalSection
EndGlobal
